{
  "name": "exp3",
  "lockfileVersion": 3,
  "requires": true,
  "packages": {
    "": {
      "dependencies": {
        "calciii": "^1.0.0"
      }
    },
    "node_modules/calciii": {
      "version": "1.0.0",
      "resolved": "https://registry.npmjs.org/calciii/-/calciii-1.0.0.tgz",
      "integrity": "sha512-ld2hUF2SY+FhHyeUkwzLVljhcQiJcpJoGbKqp/uunOQSFz0yqi971meL9MwkrMf3Dk8VoLcni4B0BsQ+1zw7Wg==",
      "license": "ISC"
    }
  }
}
